
Microsoft Visual Studio Solution File, Format Version 12.00
# Visual Studio Version 16
VisualStudioVersion = 16.0.30413.136
MinimumVisualStudioVersion = 10.0.40219.1
Project("{FAE04EC0-301F-11D3-BF4B-00C04F79EFBC}") = "ItAcademy.Project.Music.Client", "ItAcademy.Project.Music.Client\ItAcademy.Project.Music.Client.csproj", "{4FD5F533-4597-40CC-9AE9-BB5780A62EF3}"
EndProject
Project("{FAE04EC0-301F-11D3-BF4B-00C04F79EFBC}") = "ItAcademy.Project.Music.Domain", "ItAcademy.Project.Music.Domain\ItAcademy.Project.Music.Domain.csproj", "{E125DA2E-4955-4B1E-8C94-F92DEB504842}"
EndProject
Project("{FAE04EC0-301F-11D3-BF4B-00C04F79EFBC}") = "ItAcademy.Project.Music.Data", "ItAcademy.Project.Music.Data\ItAcademy.Project.Music.Data.csproj", "{4169D984-426B-4F17-898E-5EC3921849E6}"
EndProject
Project("{2150E333-8FDC-42A3-9474-1A3956D46DE8}") = "1. Presentation", "1. Presentation", "{96CFD942-E1A2-4EED-BC7C-0DACE320B76A}"
EndProject
Project("{2150E333-8FDC-42A3-9474-1A3956D46DE8}") = "2. Domain", "2. Domain", "{EB8096A8-F36C-4FAC-B48F-E3CE5D1657E3}"
EndProject
Project("{2150E333-8FDC-42A3-9474-1A3956D46DE8}") = "3. Data", "3. Data", "{19050E04-4B7D-4A8D-ACFC-D0D319AEE2FF}"
EndProject
Project("{2150E333-8FDC-42A3-9474-1A3956D46DE8}") = "Solution Items", "Solution Items", "{315B06A8-BB7C-4749-B38B-DE88F736757A}"
	ProjectSection(SolutionItems) = preProject
		.editorconfig = .editorconfig
	EndProjectSection
EndProject
Global
	GlobalSection(SolutionConfigurationPlatforms) = preSolution
		Debug|Any CPU = Debug|Any CPU
		Release|Any CPU = Release|Any CPU
	EndGlobalSection
	GlobalSection(ProjectConfigurationPlatforms) = postSolution
		{4FD5F533-4597-40CC-9AE9-BB5780A62EF3}.Debug|Any CPU.ActiveCfg = Debug|Any CPU
		{4FD5F533-4597-40CC-9AE9-BB5780A62EF3}.Debug|Any CPU.Build.0 = Debug|Any CPU
		{4FD5F533-4597-40CC-9AE9-BB5780A62EF3}.Release|Any CPU.ActiveCfg = Release|Any CPU
		{4FD5F533-4597-40CC-9AE9-BB5780A62EF3}.Release|Any CPU.Build.0 = Release|Any CPU
		{E125DA2E-4955-4B1E-8C94-F92DEB504842}.Debug|Any CPU.ActiveCfg = Debug|Any CPU
		{E125DA2E-4955-4B1E-8C94-F92DEB504842}.Debug|Any CPU.Build.0 = Debug|Any CPU
		{E125DA2E-4955-4B1E-8C94-F92DEB504842}.Release|Any CPU.ActiveCfg = Release|Any CPU
		{E125DA2E-4955-4B1E-8C94-F92DEB504842}.Release|Any CPU.Build.0 = Release|Any CPU
		{4169D984-426B-4F17-898E-5EC3921849E6}.Debug|Any CPU.ActiveCfg = Debug|Any CPU
		{4169D984-426B-4F17-898E-5EC3921849E6}.Debug|Any CPU.Build.0 = Debug|Any CPU
		{4169D984-426B-4F17-898E-5EC3921849E6}.Release|Any CPU.ActiveCfg = Release|Any CPU
		{4169D984-426B-4F17-898E-5EC3921849E6}.Release|Any CPU.Build.0 = Release|Any CPU
	EndGlobalSection
	GlobalSection(SolutionProperties) = preSolution
		HideSolutionNode = FALSE
	EndGlobalSection
	GlobalSection(NestedProjects) = preSolution
		{4FD5F533-4597-40CC-9AE9-BB5780A62EF3} = {96CFD942-E1A2-4EED-BC7C-0DACE320B76A}
		{E125DA2E-4955-4B1E-8C94-F92DEB504842} = {EB8096A8-F36C-4FAC-B48F-E3CE5D1657E3}
		{4169D984-426B-4F17-898E-5EC3921849E6} = {19050E04-4B7D-4A8D-ACFC-D0D319AEE2FF}
	EndGlobalSection
	GlobalSection(ExtensibilityGlobals) = postSolution
		SolutionGuid = {00D16007-41C0-493E-A9AE-4FDF352560BE}
	EndGlobalSection
EndGlobal
